
Microsoft Visual Studio Solution File, Format Version 12.00
# Visual Studio 14
VisualStudioVersion = 14.0.25420.1
MinimumVisualStudioVersion = 10.0.40219.1
Project("{FAE04EC0-301F-11D3-BF4B-00C04F79EFBC}") = "Week3Day2(Access Modifiers)", "Week3Day2(Access Modifiers)\Week3Day2(Access Modifiers).csproj", "{01EC4450-FCB7-41D7-962D-F6B4E6497265}"
EndProject
Global
	GlobalSection(SolutionConfigurationPlatforms) = preSolution
		Debug|Any CPU = Debug|Any CPU
		Release|Any CPU = Release|Any CPU
	EndGlobalSection
	GlobalSection(ProjectConfigurationPlatforms) = postSolution
		{01EC4450-FCB7-41D7-962D-F6B4E6497265}.Debug|Any CPU.ActiveCfg = Debug|Any CPU
		{01EC4450-FCB7-41D7-962D-F6B4E6497265}.Debug|Any CPU.Build.0 = Debug|Any CPU
		{01EC4450-FCB7-41D7-962D-F6B4E6497265}.Release|Any CPU.ActiveCfg = Release|Any CPU
		{01EC4450-FCB7-41D7-962D-F6B4E6497265}.Release|Any CPU.Build.0 = Release|Any CPU
	EndGlobalSection
	GlobalSection(SolutionProperties) = preSolution
		HideSolutionNode = FALSE
	EndGlobalSection
EndGlobal
